# THIS IS AN AUTOGENERATED FILE. DO NOT EDIT THIS FILE DIRECTLY.
# yarn lockfile v1


"@types/node@^14.0.14":
  version "14.0.14"
  resolved "https://registry.yarnpkg.com/@types/node/-/node-14.0.14.tgz#24a0b5959f16ac141aeb0c5b3cd7a15b7c64cbce"
  integrity sha512-syUgf67ZQpaJj01/tRTknkMNoBBLWJOBODF0Zm4NrXmiSuxjymFrxnTu1QVYRubhVkRcZLYZG8STTwJRdVm/WQ==

"@types/validator@13.0.0":
  version "13.0.0"
  resolved "https://registry.yarnpkg.com/@types/validator/-/validator-13.0.0.tgz#365f1bf936aeaddd0856fc41aa1d6f82d88ee5b3"
  integrity sha512-WAy5txG7aFX8Vw3sloEKp5p/t/Xt8jD3GRD9DacnFv6Vo8ubudAsRTXgxpQwU0mpzY/H8U4db3roDuCMjShBmw==

at-least-node@^1.0.0:
  version "1.0.0"
  resolved "https://registry.npm.taobao.org/at-least-node/download/at-least-node-1.0.0.tgz#602cd4b46e844ad4effc92a8011a3c46e0238dc2"
  integrity sha1-YCzUtG6EStTv/JKoARo8RuAjjcI=

class-transformer@^0.3.1:
  version "0.3.1"
  resolved "https://registry.yarnpkg.com/class-transformer/-/class-transformer-0.3.1.tgz#ee681a5439ff2230fc57f5056412d3befa70d597"
  integrity sha512-cKFwohpJbuMovS8xVLmn8N2AUbAuc8pVo4zEfsUVo8qgECOogns1WVk/FkOZoxhOPTyTYFckuoH+13FO+MQ8GA==

class-validator@^0.12.2:
  version "0.12.2"
  resolved "https://registry.yarnpkg.com/class-validator/-/class-validator-0.12.2.tgz#2ceb72f88873e9c714cf5f9c278cbc71f6f6c8ef"
  integrity sha512-TDzPzp8BmpsbPhQpccB3jMUE/3pK0TyqamrK0kcx+ZeFytMA+O6q87JZZGObHHnoo9GM8vl/JppIyKWeEA/EVw==
  dependencies:
    "@types/validator" "13.0.0"
    google-libphonenumber "^3.2.8"
    tslib ">=1.9.0"
    validator "13.0.0"

colorette@^1.2.2:
  version "1.2.2"
  resolved "https://registry.npm.taobao.org/colorette/download/colorette-1.2.2.tgz?cache=0&sync_timestamp=1614259623635&other_urls=https%3A%2F%2Fregistry.npm.taobao.org%2Fcolorette%2Fdownload%2Fcolorette-1.2.2.tgz#cbcc79d5e99caea2dbf10eb3a26fd8b3e6acfa94"
  integrity sha1-y8x51emcrqLb8Q6zom/Ys+as+pQ=

console-color-mr@^2.0.1:
  version "2.0.1"
  resolved "https://registry.yarnpkg.com/console-color-mr/-/console-color-mr-2.0.1.tgz#bed789d999052d14dc3928e5f1a0b3ae3933c756"
  integrity sha512-pV0KDTBdK13vSFywnspL2S2Ny8sX1fGDa4ijL92IL7Z605OttM/cc3kUzhcfKHE6KhmePMpUhlwxytGq/TPOAg==

create-vite-app@^1.21.0:
  version "1.21.0"
  resolved "https://registry.npm.taobao.org/create-vite-app/download/create-vite-app-1.21.0.tgz#e0d2371c9274c5000c4eeef292ef2a7239e86f3e"
  integrity sha1-4NI3HJJ0xQAMTu7yku8qcjnobz4=
  dependencies:
    fs-extra "^9.0.0"
    minimist "^1.2.5"

esbuild@^0.9.3:
  version "0.9.7"
  resolved "https://registry.npm.taobao.org/esbuild/download/esbuild-0.9.7.tgz#ea0d639cbe4b88ec25fbed4d6ff00c8d788ef70b"
  integrity sha1-6g1jnL5LiOwl++1Nb/AMjXiO9ws=

fs-extra@^9.0.0:
  version "9.1.0"
  resolved "https://registry.npm.taobao.org/fs-extra/download/fs-extra-9.1.0.tgz#5954460c764a8da2094ba3554bf839e6b9a7c86d"
  integrity sha1-WVRGDHZKjaIJS6NVS/g55rmnyG0=
  dependencies:
    at-least-node "^1.0.0"
    graceful-fs "^4.2.0"
    jsonfile "^6.0.1"
    universalify "^2.0.0"

fsevents@~2.3.1:
  version "2.3.2"
  resolved "https://registry.npm.taobao.org/fsevents/download/fsevents-2.3.2.tgz#8a526f78b8fdf4623b709e0b975c52c24c02fd1a"
  integrity sha1-ilJveLj99GI7cJ4Ll1xSwkwC/Ro=

function-bind@^1.1.1:
  version "1.1.1"
  resolved "https://registry.npm.taobao.org/function-bind/download/function-bind-1.1.1.tgz#a56899d3ea3c9bab874bb9773b7c5ede92f4895d"
  integrity sha1-pWiZ0+o8m6uHS7l3O3xe3pL0iV0=

google-libphonenumber@^3.2.8:
  version "3.2.10"
  resolved "https://registry.yarnpkg.com/google-libphonenumber/-/google-libphonenumber-3.2.10.tgz#021a314652747d736a39e2e60dc670f0431425ad"
  integrity sha512-TsckE9O8QgqaIeaOXPjcJa4/kX3BzFdO1oCbMfmUpRZckml4xJhjJVxaT9Mdt/VrZZkT9lX44eHAEWfJK1tHtw==

graceful-fs@^4.1.6, graceful-fs@^4.2.0:
  version "4.2.6"
  resolved "https://registry.npm.taobao.org/graceful-fs/download/graceful-fs-4.2.6.tgz#ff040b2b0853b23c3d31027523706f1885d76bee"
  integrity sha1-/wQLKwhTsjw9MQJ1I3BvGIXXa+4=

has@^1.0.3:
  version "1.0.3"
  resolved "https://registry.npm.taobao.org/has/download/has-1.0.3.tgz#722d7cbfc1f6aa8241f16dd814e011e1f41e8796"
  integrity sha1-ci18v8H2qoJB8W3YFOAR4fQeh5Y=
  dependencies:
    function-bind "^1.1.1"

is-core-module@^2.2.0:
  version "2.2.0"
  resolved "https://registry.npm.taobao.org/is-core-module/download/is-core-module-2.2.0.tgz?cache=0&sync_timestamp=1606411622542&other_urls=https%3A%2F%2Fregistry.npm.taobao.org%2Fis-core-module%2Fdownload%2Fis-core-module-2.2.0.tgz#97037ef3d52224d85163f5597b2b63d9afed981a"
  integrity sha1-lwN+89UiJNhRY/VZeytj2a/tmBo=
  dependencies:
    has "^1.0.3"

jsonfile@^6.0.1:
  version "6.1.0"
  resolved "https://registry.npm.taobao.org/jsonfile/download/jsonfile-6.1.0.tgz?cache=0&sync_timestamp=1604161797011&other_urls=https%3A%2F%2Fregistry.npm.taobao.org%2Fjsonfile%2Fdownload%2Fjsonfile-6.1.0.tgz#bc55b2634793c679ec6403094eb13698a6ec0aae"
  integrity sha1-vFWyY0eTxnnsZAMJTrE2mKbsCq4=
  dependencies:
    universalify "^2.0.0"
  optionalDependencies:
    graceful-fs "^4.1.6"

minimist@^1.2.5:
  version "1.2.5"
  resolved "https://registry.npm.taobao.org/minimist/download/minimist-1.2.5.tgz#67d66014b66a6a8aaa0c083c5fd58df4e4e97602"
  integrity sha1-Z9ZgFLZqaoqqDAg8X9WN9OTpdgI=

nanoid@^3.1.22:
  version "3.1.22"
  resolved "https://registry.npm.taobao.org/nanoid/download/nanoid-3.1.22.tgz#b35f8fb7d151990a8aebd5aa5015c03cf726f844"
  integrity sha1-s1+Pt9FRmQqK69WqUBXAPPcm+EQ=

path-parse@^1.0.6:
  version "1.0.6"
  resolved "https://registry.npm.taobao.org/path-parse/download/path-parse-1.0.6.tgz#d62dbb5679405d72c4737ec58600e9ddcf06d24c"
  integrity sha1-1i27VnlAXXLEc37FhgDp3c8G0kw=

postcss@^8.2.1:
  version "8.2.10"
  resolved "https://registry.npm.taobao.org/postcss/download/postcss-8.2.10.tgz?cache=0&sync_timestamp=1618159223724&other_urls=https%3A%2F%2Fregistry.npm.taobao.org%2Fpostcss%2Fdownload%2Fpostcss-8.2.10.tgz#ca7a042aa8aff494b334d0ff3e9e77079f6f702b"
  integrity sha1-ynoEKqiv9JSzNND/Pp53B59vcCs=
  dependencies:
    colorette "^1.2.2"
    nanoid "^3.1.22"
    source-map "^0.6.1"

reflect-metadata@^0.1.13:
  version "0.1.13"
  resolved "https://registry.yarnpkg.com/reflect-metadata/-/reflect-metadata-0.1.13.tgz#67ae3ca57c972a2aa1642b10fe363fe32d49dc08"
  integrity sha512-Ts1Y/anZELhSsjMcU605fU9RE4Oi3p5ORujwbIKXfWa+0Zxs510Qrmrce5/Jowq3cHSZSJqBjypxmHarc+vEWg==

resolve@^1.19.0:
  version "1.20.0"
  resolved "https://registry.npm.taobao.org/resolve/download/resolve-1.20.0.tgz?cache=0&sync_timestamp=1613054822645&other_urls=https%3A%2F%2Fregistry.npm.taobao.org%2Fresolve%2Fdownload%2Fresolve-1.20.0.tgz#629a013fb3f70755d6f0b7935cc1c2c5378b1975"
  integrity sha1-YpoBP7P3B1XW8LeTXMHCxTeLGXU=
  dependencies:
    is-core-module "^2.2.0"
    path-parse "^1.0.6"

rollup@^2.38.5:
  version "2.45.2"
  resolved "https://registry.npm.taobao.org/rollup/download/rollup-2.45.2.tgz?cache=0&sync_timestamp=1618288771153&other_urls=https%3A%2F%2Fregistry.npm.taobao.org%2Frollup%2Fdownload%2Frollup-2.45.2.tgz#8fb85917c9f35605720e92328f3ccbfba6f78b48"
  integrity sha1-j7hZF8nzVgVyDpIyjzzL+6b3i0g=
  optionalDependencies:
    fsevents "~2.3.1"

source-map@^0.6.1:
  version "0.6.1"
  resolved "https://registry.npm.taobao.org/source-map/download/source-map-0.6.1.tgz#74722af32e9614e9c287a8d0bbde48b5e2f1a263"
  integrity sha1-dHIq8y6WFOnCh6jQu95IteLxomM=

tslib@>=1.9.0:
  version "2.0.0"
  resolved "https://registry.yarnpkg.com/tslib/-/tslib-2.0.0.tgz#18d13fc2dce04051e20f074cc8387fd8089ce4f3"
  integrity sha512-lTqkx847PI7xEDYJntxZH89L2/aXInsyF2luSafe/+0fHOMjlBNXdH6th7f70qxLDhul7KZK0zC8V5ZIyHl0/g==

typescript@^3.9.2:
  version "3.9.2"
  resolved "https://registry.yarnpkg.com/typescript/-/typescript-3.9.2.tgz#64e9c8e9be6ea583c54607677dd4680a1cf35db9"
  integrity sha512-q2ktq4n/uLuNNShyayit+DTobV2ApPEo/6so68JaD5ojvc/6GClBipedB9zNWYxRSAlZXAe405Rlijzl6qDiSw==

universalify@^2.0.0:
  version "2.0.0"
  resolved "https://registry.npm.taobao.org/universalify/download/universalify-2.0.0.tgz?cache=0&sync_timestamp=1603179967633&other_urls=https%3A%2F%2Fregistry.npm.taobao.org%2Funiversalify%2Fdownload%2Funiversalify-2.0.0.tgz#75a4984efedc4b08975c5aeb73f530d02df25717"
  integrity sha1-daSYTv7cSwiXXFrrc/Uw0C3yVxc=

validator@13.0.0:
  version "13.0.0"
  resolved "https://registry.yarnpkg.com/validator/-/validator-13.0.0.tgz#0fb6c6bb5218ea23d368a8347e6d0f5a70e3bcab"
  integrity sha512-anYx5fURbgF04lQV18nEQWZ/3wHGnxiKdG4aL8J+jEDsm98n/sU/bey+tYk6tnGJzm7ioh5FoqrAiQ6m03IgaA==

vite@^2.1.5:
  version "2.1.5"
  resolved "https://registry.npm.taobao.org/vite/download/vite-2.1.5.tgz?cache=0&other_urls=https%3A%2F%2Fregistry.npm.taobao.org%2Fvite%2Fdownload%2Fvite-2.1.5.tgz#4857da441c62f7982c83cbd5f42a00330f20c9c1"
  integrity sha1-SFfaRBxi95gsg8vV9CoAMw8gycE=
  dependencies:
    esbuild "^0.9.3"
    postcss "^8.2.1"
    resolve "^1.19.0"
    rollup "^2.38.5"
  optionalDependencies:
    fsevents "~2.3.1"
