# THIS IS AN AUTOGENERATED FILE. DO NOT EDIT THIS FILE DIRECTLY.
# yarn lockfile v1


"@types/node@*":
  version "16.9.6"
  resolved "https://registry.nlark.com/@types/node/download/@types/node-16.9.6.tgz?cache=0&sync_timestamp=1632251068300&other_urls=https%3A%2F%2Fregistry.nlark.com%2F%40types%2Fnode%2Fdownload%2F%40types%2Fnode-16.9.6.tgz#040a64d7faf9e5d9e940357125f0963012e66f04"
  integrity sha1-BApk1/r55dnpQDVxJfCWMBLmbwQ=

any-promise@^1.3.0:
  version "1.3.0"
  resolved "https://registry.nlark.com/any-promise/download/any-promise-1.3.0.tgz#abc6afeedcea52e809cdc0376aed3ce39635d17f"
  integrity sha1-q8av7tzqUugJzcA3au0845Y10X8=

debug@^4.1.1:
  version "4.3.2"
  resolved "https://registry.nlark.com/debug/download/debug-4.3.2.tgz#f0a49c18ac8779e31d4a0c6029dfb76873c7428b"
  integrity sha1-8KScGKyHeeMdSgxgKd+3aHPHQos=
  dependencies:
    ms "2.1.2"

denque@^1.4.1:
  version "1.5.1"
  resolved "https://registry.nlark.com/denque/download/denque-1.5.1.tgz#07f670e29c9a78f8faecb2566a1e2c11929c5cbf"
  integrity sha1-B/Zw4pyaePj67LJWah4sEZKcXL8=

dotenv@^10.0.0:
  version "10.0.0"
  resolved "https://registry.nlark.com/dotenv/download/dotenv-10.0.0.tgz#3d4227b8fb95f81096cdd2b66653fb2c7085ba81"
  integrity sha1-PUInuPuV+BCWzdK2ZlP7LHCFuoE=

dottie@^2.0.0:
  version "2.0.2"
  resolved "https://registry.npm.taobao.org/dottie/download/dottie-2.0.2.tgz#cc91c0726ce3a054ebf11c55fbc92a7f266dd154"
  integrity sha1-zJHAcmzjoFTr8RxV+8kqfyZt0VQ=

generate-function@^2.3.1:
  version "2.3.1"
  resolved "https://registry.npm.taobao.org/generate-function/download/generate-function-2.3.1.tgz#f069617690c10c868e73b8465746764f97c3479f"
  integrity sha1-8GlhdpDBDIaOc7hGV0Z2T5fDR58=
  dependencies:
    is-property "^1.0.2"

iconv-lite@^0.6.2:
  version "0.6.3"
  resolved "https://registry.nlark.com/iconv-lite/download/iconv-lite-0.6.3.tgz#a52f80bf38da1952eb5c681790719871a1a72501"
  integrity sha1-pS+AvzjaGVLrXGgXkHGYcaGnJQE=
  dependencies:
    safer-buffer ">= 2.1.2 < 3.0.0"

inflection@1.13.1:
  version "1.13.1"
  resolved "https://registry.nlark.com/inflection/download/inflection-1.13.1.tgz#c5cadd80888a90cf84c2e96e340d7edc85d5f0cb"
  integrity sha1-xcrdgIiKkM+EwuluNA1+3IXV8Ms=

is-property@^1.0.2:
  version "1.0.2"
  resolved "https://registry.npm.taobao.org/is-property/download/is-property-1.0.2.tgz#57fe1c4e48474edd65b09911f26b1cd4095dda84"
  integrity sha1-V/4cTkhHTt1lsJkR8msc1Ald2oQ=

lodash@^4.17.20:
  version "4.17.21"
  resolved "https://registry.nlark.com/lodash/download/lodash-4.17.21.tgz?cache=0&sync_timestamp=1624543041613&other_urls=https%3A%2F%2Fregistry.nlark.com%2Flodash%2Fdownload%2Flodash-4.17.21.tgz#679591c564c3bffaae8454cf0b3df370c3d6911c"
  integrity sha1-Z5WRxWTDv/quhFTPCz3zcMPWkRw=

long@^4.0.0:
  version "4.0.0"
  resolved "https://registry.npm.taobao.org/long/download/long-4.0.0.tgz#9a7b71cfb7d361a194ea555241c92f7468d5bf28"
  integrity sha1-mntxz7fTYaGU6lVSQckvdGjVvyg=

lru-cache@^4.1.3:
  version "4.1.5"
  resolved "https://registry.nlark.com/lru-cache/download/lru-cache-4.1.5.tgz#8bbe50ea85bed59bc9e33dcab8235ee9bcf443cd"
  integrity sha1-i75Q6oW+1ZvJ4z3KuCNe6bz0Q80=
  dependencies:
    pseudomap "^1.0.2"
    yallist "^2.1.2"

lru-cache@^6.0.0:
  version "6.0.0"
  resolved "https://registry.nlark.com/lru-cache/download/lru-cache-6.0.0.tgz#6d6fe6570ebd96aaf90fcad1dafa3b2566db3a94"
  integrity sha1-bW/mVw69lqr5D8rR2vo7JWbbOpQ=
  dependencies:
    yallist "^4.0.0"

moment-timezone@^0.5.31:
  version "0.5.37"
  resolved "https://registry.yarnpkg.com/moment-timezone/-/moment-timezone-0.5.37.tgz#adf97f719c4e458fdb12e2b4e87b8bec9f4eef1e"
  integrity sha512-uEDzDNFhfaywRl+vwXxffjjq1q0Vzr+fcQpQ1bU0kbzorfS7zVtZnCnGc8mhWmF39d4g4YriF6kwA75mJKE/Zg==
  dependencies:
    moment ">= 2.9.0"

"moment@>= 2.9.0", moment@^2.26.0:
  version "2.29.4"
  resolved "https://registry.yarnpkg.com/moment/-/moment-2.29.4.tgz#3dbe052889fe7c1b2ed966fcb3a77328964ef108"
  integrity sha512-5LC9SOxjSc2HF6vO2CyuTDNivEdoz2IvyJJGj6X8DJ0eFyfszE0QiEd+iXmBvUP3WHxSjFH/vIsA0EN00cgr8w==

ms@2.1.2:
  version "2.1.2"
  resolved "https://registry.nlark.com/ms/download/ms-2.1.2.tgz#d09d1f357b443f493382a8eb3ccd183872ae6009"
  integrity sha1-0J0fNXtEP0kzgqjrPM0YOHKuYAk=

mysql2@^2.3.0:
  version "2.3.0"
  resolved "https://registry.nlark.com/mysql2/download/mysql2-2.3.0.tgz?cache=0&sync_timestamp=1628171329997&other_urls=https%3A%2F%2Fregistry.nlark.com%2Fmysql2%2Fdownload%2Fmysql2-2.3.0.tgz#600f5cc27e397dfb77b59eac93666434f88e8079"
  integrity sha1-YA9cwn45fft3tZ6sk2ZkNPiOgHk=
  dependencies:
    denque "^1.4.1"
    generate-function "^2.3.1"
    iconv-lite "^0.6.2"
    long "^4.0.0"
    lru-cache "^6.0.0"
    named-placeholders "^1.1.2"
    seq-queue "^0.0.5"
    sqlstring "^2.3.2"

named-placeholders@^1.1.2:
  version "1.1.2"
  resolved "https://registry.npm.taobao.org/named-placeholders/download/named-placeholders-1.1.2.tgz#ceb1fbff50b6b33492b5cf214ccf5e39cef3d0e8"
  integrity sha1-zrH7/1C2szSStc8hTM9eOc7z0Og=
  dependencies:
    lru-cache "^4.1.3"

pseudomap@^1.0.2:
  version "1.0.2"
  resolved "https://registry.npm.taobao.org/pseudomap/download/pseudomap-1.0.2.tgz#f052a28da70e618917ef0a8ac34c1ae5a68286b3"
  integrity sha1-8FKijacOYYkX7wqKw0wa5aaChrM=

retry-as-promised@^3.2.0:
  version "3.2.0"
  resolved "https://registry.nlark.com/retry-as-promised/download/retry-as-promised-3.2.0.tgz?cache=0&sync_timestamp=1631008512458&other_urls=https%3A%2F%2Fregistry.nlark.com%2Fretry-as-promised%2Fdownload%2Fretry-as-promised-3.2.0.tgz#769f63d536bec4783549db0777cb56dadd9d8543"
  integrity sha1-dp9j1Ta+xHg1SdsHd8tW2t2dhUM=
  dependencies:
    any-promise "^1.3.0"

"safer-buffer@>= 2.1.2 < 3.0.0":
  version "2.1.2"
  resolved "https://registry.nlark.com/safer-buffer/download/safer-buffer-2.1.2.tgz#44fa161b0187b9549dd84bb91802f9bd8385cd6a"
  integrity sha1-RPoWGwGHuVSd2Eu5GAL5vYOFzWo=

semver@^7.3.2:
  version "7.3.5"
  resolved "https://registry.nlark.com/semver/download/semver-7.3.5.tgz?cache=0&sync_timestamp=1622604551741&other_urls=https%3A%2F%2Fregistry.nlark.com%2Fsemver%2Fdownload%2Fsemver-7.3.5.tgz#0b621c879348d8998e4b0e4be94b3f12e6018ef7"
  integrity sha1-C2Ich5NI2JmOSw5L6Us/EuYBjvc=
  dependencies:
    lru-cache "^6.0.0"

seq-queue@^0.0.5:
  version "0.0.5"
  resolved "https://registry.npm.taobao.org/seq-queue/download/seq-queue-0.0.5.tgz#d56812e1c017a6e4e7c3e3a37a1da6d78dd3c93e"
  integrity sha1-1WgS4cAXpuTnw+Ojeh2m143TyT4=

sequelize-pool@^6.0.0:
  version "6.1.0"
  resolved "https://registry.npm.taobao.org/sequelize-pool/download/sequelize-pool-6.1.0.tgz?cache=0&sync_timestamp=1616644687987&other_urls=https%3A%2F%2Fregistry.npm.taobao.org%2Fsequelize-pool%2Fdownload%2Fsequelize-pool-6.1.0.tgz#caaa0c1e324d3c2c3a399fed2c7998970925d668"
  integrity sha1-yqoMHjJNPCw6OZ/tLHmYlwkl1mg=

sequelize@^6.6.5:
  version "6.6.5"
  resolved "https://registry.nlark.com/sequelize/download/sequelize-6.6.5.tgz?cache=0&sync_timestamp=1625581296214&other_urls=https%3A%2F%2Fregistry.nlark.com%2Fsequelize%2Fdownload%2Fsequelize-6.6.5.tgz#6f618e99f3df1fc81f28709e8a3139cec3ef1f0c"
  integrity sha1-b2GOmfPfH8gfKHCeijE5zsPvHww=
  dependencies:
    debug "^4.1.1"
    dottie "^2.0.0"
    inflection "1.13.1"
    lodash "^4.17.20"
    moment "^2.26.0"
    moment-timezone "^0.5.31"
    retry-as-promised "^3.2.0"
    semver "^7.3.2"
    sequelize-pool "^6.0.0"
    toposort-class "^1.0.1"
    uuid "^8.1.0"
    validator "^13.6.0"
    wkx "^0.5.0"

sqlite@^4.0.23:
  version "4.0.23"
  resolved "https://registry.nlark.com/sqlite/download/sqlite-4.0.23.tgz#ada09028b38e91883db08ac465d841e814d1bb00"
  integrity sha1-raCQKLOOkYg9sIrEZdhB6BTRuwA=

sqlstring@^2.3.2:
  version "2.3.2"
  resolved "https://registry.nlark.com/sqlstring/download/sqlstring-2.3.2.tgz#cdae7169389a1375b18e885f2e60b3e460809514"
  integrity sha1-za5xaTiaE3WxjohfLmCz5GCAlRQ=

toposort-class@^1.0.1:
  version "1.0.1"
  resolved "https://registry.npm.taobao.org/toposort-class/download/toposort-class-1.0.1.tgz#7ffd1f78c8be28c3ba45cd4e1a3f5ee193bd9988"
  integrity sha1-f/0feMi+KMO6Rc1OGj9e4ZO9mYg=

uuid@^8.1.0:
  version "8.3.2"
  resolved "https://registry.nlark.com/uuid/download/uuid-8.3.2.tgz?cache=0&sync_timestamp=1622213136953&other_urls=https%3A%2F%2Fregistry.nlark.com%2Fuuid%2Fdownload%2Fuuid-8.3.2.tgz#80d5b5ced271bb9af6c445f21a1a04c606cefbe2"
  integrity sha1-gNW1ztJxu5r2xEXyGhoExgbO++I=

validator@^13.6.0:
  version "13.6.0"
  resolved "https://registry.nlark.com/validator/download/validator-13.6.0.tgz?cache=0&sync_timestamp=1618914469901&other_urls=https%3A%2F%2Fregistry.nlark.com%2Fvalidator%2Fdownload%2Fvalidator-13.6.0.tgz#1e71899c14cdc7b2068463cb24c1cc16f6ec7059"
  integrity sha1-HnGJnBTNx7IGhGPLJMHMFvbscFk=

wkx@^0.5.0:
  version "0.5.0"
  resolved "https://registry.npm.taobao.org/wkx/download/wkx-0.5.0.tgz#c6c37019acf40e517cc6b94657a25a3d4aa33e8c"
  integrity sha1-xsNwGaz0DlF8xrlGV6JaPUqjPow=
  dependencies:
    "@types/node" "*"

yallist@^2.1.2:
  version "2.1.2"
  resolved "https://registry.npm.taobao.org/yallist/download/yallist-2.1.2.tgz#1c11f9218f076089a47dd512f93c6699a6a81d52"
  integrity sha1-HBH5IY8HYImkfdUS+TxmmaaoHVI=

yallist@^4.0.0:
  version "4.0.0"
  resolved "https://registry.npm.taobao.org/yallist/download/yallist-4.0.0.tgz#9bb92790d9c0effec63be73519e11a35019a3a72"
  integrity sha1-m7knkNnA7/7GO+c1GeEaNQGaOnI=
